
Microsoft Visual Studio Solution File, Format Version 12.00
# Visual Studio Version 16
VisualStudioVersion = 16.0.32413.511
MinimumVisualStudioVersion = 10.0.40219.1
Project("{9A19103F-16F7-4668-BE54-9A1E7A4F7556}") = "Blazor.FurnitureStore.Server", "Blazor.FurnitureStore\Server\Blazor.FurnitureStore.Server.csproj", "{39F1F772-AB7F-4DA4-95C4-FE0034C11176}"
EndProject
Project("{9A19103F-16F7-4668-BE54-9A1E7A4F7556}") = "Blazor.FurnitureStore.Client", "Blazor.FurnitureStore\Client\Blazor.FurnitureStore.Client.csproj", "{24ED19E2-949C-4CC3-9070-6CEC43396709}"
EndProject
Project("{9A19103F-16F7-4668-BE54-9A1E7A4F7556}") = "Blazor.FurnitureStore.Shared", "Blazor.FurnitureStore\Shared\Blazor.FurnitureStore.Shared.csproj", "{A71853CE-AA74-4A7F-84BC-240637DE9A8A}"
EndProject
Project("{9A19103F-16F7-4668-BE54-9A1E7A4F7556}") = "Blazor.FurnitureStore.Repositories", "Blazor.FurnitureStore.Repositories\Blazor.FurnitureStore.Repositories.csproj", "{C832149A-D765-4567-B000-1E0F9C351DC8}"
EndProject
Global
	GlobalSection(SolutionConfigurationPlatforms) = preSolution
		Debug|Any CPU = Debug|Any CPU
		Release|Any CPU = Release|Any CPU
	EndGlobalSection
	GlobalSection(ProjectConfigurationPlatforms) = postSolution
		{39F1F772-AB7F-4DA4-95C4-FE0034C11176}.Debug|Any CPU.ActiveCfg = Debug|Any CPU
		{39F1F772-AB7F-4DA4-95C4-FE0034C11176}.Debug|Any CPU.Build.0 = Debug|Any CPU
		{39F1F772-AB7F-4DA4-95C4-FE0034C11176}.Release|Any CPU.ActiveCfg = Release|Any CPU
		{39F1F772-AB7F-4DA4-95C4-FE0034C11176}.Release|Any CPU.Build.0 = Release|Any CPU
		{24ED19E2-949C-4CC3-9070-6CEC43396709}.Debug|Any CPU.ActiveCfg = Debug|Any CPU
		{24ED19E2-949C-4CC3-9070-6CEC43396709}.Debug|Any CPU.Build.0 = Debug|Any CPU
		{24ED19E2-949C-4CC3-9070-6CEC43396709}.Release|Any CPU.ActiveCfg = Release|Any CPU
		{24ED19E2-949C-4CC3-9070-6CEC43396709}.Release|Any CPU.Build.0 = Release|Any CPU
		{A71853CE-AA74-4A7F-84BC-240637DE9A8A}.Debug|Any CPU.ActiveCfg = Debug|Any CPU
		{A71853CE-AA74-4A7F-84BC-240637DE9A8A}.Debug|Any CPU.Build.0 = Debug|Any CPU
		{A71853CE-AA74-4A7F-84BC-240637DE9A8A}.Release|Any CPU.ActiveCfg = Release|Any CPU
		{A71853CE-AA74-4A7F-84BC-240637DE9A8A}.Release|Any CPU.Build.0 = Release|Any CPU
		{C832149A-D765-4567-B000-1E0F9C351DC8}.Debug|Any CPU.ActiveCfg = Debug|Any CPU
		{C832149A-D765-4567-B000-1E0F9C351DC8}.Debug|Any CPU.Build.0 = Debug|Any CPU
		{C832149A-D765-4567-B000-1E0F9C351DC8}.Release|Any CPU.ActiveCfg = Release|Any CPU
		{C832149A-D765-4567-B000-1E0F9C351DC8}.Release|Any CPU.Build.0 = Release|Any CPU
	EndGlobalSection
	GlobalSection(SolutionProperties) = preSolution
		HideSolutionNode = FALSE
	EndGlobalSection
	GlobalSection(ExtensibilityGlobals) = postSolution
		SolutionGuid = {5E92722C-5862-4BE4-822D-B4CCE18580FE}
	EndGlobalSection
EndGlobal
